# THIS IS AN AUTOGENERATED FILE. DO NOT EDIT THIS FILE DIRECTLY.
# yarn lockfile v1


"@biomejs/biome@^2.0.4":
  version "2.0.4"
  resolved "https://registry.yarnpkg.com/@biomejs/biome/-/biome-2.0.4.tgz#2abd3815d42ca674857c6be6ab4b7dd7098c9518"
  integrity sha512-DNA++xe+E7UugTvI/HhzSFl6OwrVgU8SIV0Mb2fPtWPk2/oTr4eOSA5xy1JECrvgJeYxurmUBOS49qxv/OUkrQ==
  optionalDependencies:
    "@biomejs/cli-darwin-arm64" "2.0.4"
    "@biomejs/cli-darwin-x64" "2.0.4"
    "@biomejs/cli-linux-arm64" "2.0.4"
    "@biomejs/cli-linux-arm64-musl" "2.0.4"
    "@biomejs/cli-linux-x64" "2.0.4"
    "@biomejs/cli-linux-x64-musl" "2.0.4"
    "@biomejs/cli-win32-arm64" "2.0.4"
    "@biomejs/cli-win32-x64" "2.0.4"

"@biomejs/cli-darwin-arm64@2.0.4":
  version "2.0.4"
  resolved "https://registry.yarnpkg.com/@biomejs/cli-darwin-arm64/-/cli-darwin-arm64-2.0.4.tgz#2def86a792b1c01490e864b52a03af47ea326502"
  integrity sha512-r5McIUMMiedwJ2rltuXhj0+w0W7IJLpkOS+OGCVZQQOOcrGY9gUSUmOo7O6Z7P0vlv5YYZkPbi+qR9MDDWRBSw==

"@biomejs/cli-darwin-x64@2.0.4":
  version "2.0.4"
  resolved "https://registry.yarnpkg.com/@biomejs/cli-darwin-x64/-/cli-darwin-x64-2.0.4.tgz#eece80ae03e9456c2053613c5965a4421903bcf4"
  integrity sha512-aV5Zc/3E3aXFbrjK1IgCMEQc+6PCkBL+NS+vtjoNM2VPFeM5OL5Q82BI4YZyPnebj+k42BPIoYtz0jJ95PGRRg==

"@biomejs/cli-linux-arm64-musl@2.0.4":
  version "2.0.4"
  resolved "https://registry.yarnpkg.com/@biomejs/cli-linux-arm64-musl/-/cli-linux-arm64-musl-2.0.4.tgz#92bdaada9ef465c9762c6ddd4a8edabb5a31b698"
  integrity sha512-cNukq2PthoOa7quqaKoEFz4Zd1pDPJGfTR5jVyk9Z9iFHEm6TI7+7eeIs3aYcEuuJPNFR9xhJ4Uj3E2iUWkV3A==

"@biomejs/cli-linux-arm64@2.0.4":
  version "2.0.4"
  resolved "https://registry.yarnpkg.com/@biomejs/cli-linux-arm64/-/cli-linux-arm64-2.0.4.tgz#2c3b018104164a4df883a48929033f34f51771eb"
  integrity sha512-nlJhf7DyuajMj+S7Ygum59cbrHvI/nSRvedfJcEIx4X7SsiZjpRUiC5XtEn77kg7NIKq/KqG5roQIHkmjuFHCw==

"@biomejs/cli-linux-x64-musl@2.0.4":
  version "2.0.4"
  resolved "https://registry.yarnpkg.com/@biomejs/cli-linux-x64-musl/-/cli-linux-x64-musl-2.0.4.tgz#6ce9e45ed186ee85ee3f9c9f6ddb7673a917f28f"
  integrity sha512-oWQALSbp8xF0t/wiHU2zdkZOpIHyaI9QxQv0Ytty9GAKsCGP6pczp8qyKD/P49iGJdDozHp5KiuQPxs33APhyA==

"@biomejs/cli-linux-x64@2.0.4":
  version "2.0.4"
  resolved "https://registry.yarnpkg.com/@biomejs/cli-linux-x64/-/cli-linux-x64-2.0.4.tgz#102ffb44892c31fef2eb4e4e273953d6eb22c05f"
  integrity sha512-jlzrNZ+OzN9wvp2RL3cl5Y4NiV7xSU+QV5A8bWXke1on3jKy7QbXajybSjVQ6aFw1gdrqkO/W8xV5HODhIMT4g==

"@biomejs/cli-win32-arm64@2.0.4":
  version "2.0.4"
  resolved "https://registry.yarnpkg.com/@biomejs/cli-win32-arm64/-/cli-win32-arm64-2.0.4.tgz#d0b109a2b449c774f4236c0d25a3065e390e1d75"
  integrity sha512-/PbNhMJo9ONja7hOxLlifM/qgeHpRD9bF2flTz5KIrXnQqpuegaRuwP/HYdJ9TFkTKFjHkPLoE4onOz3HIT5CQ==

"@biomejs/cli-win32-x64@2.0.4":
  version "2.0.4"
  resolved "https://registry.yarnpkg.com/@biomejs/cli-win32-x64/-/cli-win32-x64-2.0.4.tgz#ab504167d41c27727a61653ccb0f4e9f467b8bbc"
  integrity sha512-dIM4SgO4/Rmsb4X7fwKtciQ682SZDSC1lm42uSM9gt8zNqBIeTaqsMc6eO1DpxYWMlAb/n2SML9+HUHmCib7NA==

"@std/collections@npm:@jsr/std__collections":
  version "1.1.1"
  resolved "https://npm.jsr.io/~/11/@jsr/std__collections/1.1.1.tgz#95F609644B03A768A61A56BB8986667DC84A98C1"
  integrity sha512-bS4Y5f80IUeDUf+0BgVVWValgBeGcJ/UwFYTC5PBIJtrFqwEmU8IohDBwFLJILyUtiAB1jbJewl0K+REEQ9kQQ==

"@types/js-yaml@^4.0.0":
  version "4.0.9"
  resolved "https://registry.yarnpkg.com/@types/js-yaml/-/js-yaml-4.0.9.tgz#cd82382c4f902fed9691a2ed79ec68c5898af4c2"
  integrity sha512-k4MGaQl5TGo/iipqb2UDG2UwjXziSWkh0uysQelTlJpX1qGlpUZYm8PnO4DxG1qBomtJUdYJ6qR6xdIah10JLg==

"@types/node@^22":
  version "22.15.32"
  resolved "https://registry.yarnpkg.com/@types/node/-/node-22.15.32.tgz#c301cc2275b535a5e54bb81d516b1d2e9afe06e5"
  integrity sha512-3jigKqgSjsH6gYZv2nEsqdXfZqIFGAV36XYYjf9KGZ3PSG+IhLecqPnI310RvjutyMwifE2hhhNEklOUrvx/wA==
  dependencies:
    undici-types "~6.21.0"

"@types/vscode@^1.55.0":
  version "1.101.0"
  resolved "https://registry.yarnpkg.com/@types/vscode/-/vscode-1.101.0.tgz#0622ca26ea15aafbe570dc4d25917c75cafe578a"
  integrity sha512-ZWf0IWa+NGegdW3iU42AcDTFHWW7fApLdkdnBqwYEtHVIBGbTu0ZNQKP/kX3Ds/uMJXIMQNAojHR4vexCEEz5Q==

"@types/yaml@^1.9.7":
  version "1.9.7"
  resolved "https://registry.yarnpkg.com/@types/yaml/-/yaml-1.9.7.tgz#2331f36e0aac91311a63d33eb026c21687729679"
  integrity sha512-8WMXRDD1D+wCohjfslHDgICd2JtMATZU8CkhH8LVJqcJs6dyYj5TGptzP8wApbmEullGBSsCEzzap73DQ1HJaA==
  dependencies:
    yaml "*"

debounce@^2.2.0:
  version "2.2.0"
  resolved "https://registry.yarnpkg.com/debounce/-/debounce-2.2.0.tgz#f895fa2fbdb579a0f0d3dcf5dde19657e50eaad5"
  integrity sha512-Xks6RUDLZFdz8LIdR6q0MTH44k7FikOmnh5xkSjMig6ch45afc8sjTjRQf3P6ax8dMgcQrYO/AR2RGWURrruqw==

escape-string-regexp@5.0.0:
  version "5.0.0"
  resolved "https://registry.yarnpkg.com/escape-string-regexp/-/escape-string-regexp-5.0.0.tgz#4683126b500b61762f2dbebace1806e8be31b1c8"
  integrity sha512-/veY75JbMK4j1yjvuUxuVsiS/hr/4iHs9FTT6cgTexxdE0Ly/glccBAkloH/DofkjRbZU3bnoj38mOmhkZ0lHw==

flat@^6.0.1:
  version "6.0.1"
  resolved "https://registry.yarnpkg.com/flat/-/flat-6.0.1.tgz#09070cf918293b401577f20843edeadf4d3e8755"
  integrity sha512-/3FfIa8mbrg3xE7+wAhWeV+bd7L2Mof+xtZb5dRDKZ+wDvYJK4WDYeIOuOhre5Yv5aQObZrlbRmk3RTSiuQBtw==

typescript@^5.0.4:
  version "5.8.3"
  resolved "https://registry.yarnpkg.com/typescript/-/typescript-5.8.3.tgz#92f8a3e5e3cf497356f4178c34cd65a7f5e8440e"
  integrity sha512-p1diW6TqL9L07nNxvRMM7hMMw4c5XOo/1ibL4aAIGmSAt9slTE1Xgw5KWuof2uTOvCg9BY7ZRi+GaF+7sfgPeQ==

undici-types@~6.21.0:
  version "6.21.0"
  resolved "https://registry.yarnpkg.com/undici-types/-/undici-types-6.21.0.tgz#691d00af3909be93a7faa13be61b3a5b50ef12cb"
  integrity sha512-iwDZqg0QAGrg9Rav5H4n0M64c3mkR59cJ6wQp+7C4nI0gsmExaedaYLNO44eT4AtBBwjbTiGPMlt2Md0T9H9JQ==

yaml@*, yaml@^2.2.2:
  version "2.8.0"
  resolved "https://registry.yarnpkg.com/yaml/-/yaml-2.8.0.tgz#15f8c9866211bdc2d3781a0890e44d4fa1a5fff6"
  integrity sha512-4lLa/EcQCB0cJkyts+FpIRx5G/llPxfP6VQU5KByHEhLxY3IJCH0f0Hy1MHI8sClTvsIb8qwRJ6R/ZdlDJ/leQ==
